
Microsoft Visual Studio Solution File, Format Version 12.00
# Visual Studio 15
VisualStudioVersion = 15.0.27130.2010
MinimumVisualStudioVersion = 10.0.40219.1
Project("{9A19103F-16F7-4668-BE54-9A1E7A4F7556}") = "EamaBuilder.Extensions.Configuration.Zookeeper", "EamaBuilder.Extensions.Configuration.Zookeeper\EamaBuilder.Extensions.Configuration.Zookeeper.csproj", "{F60D9BF7-7D34-4852-B28C-DBC42438A4E3}"
EndProject
Project("{9A19103F-16F7-4668-BE54-9A1E7A4F7556}") = "EamaBuilder.Extensions.Lock.Abstractions", "EamaBuilder.Extensions.Lock.Abstractions\EamaBuilder.Extensions.Lock.Abstractions.csproj", "{46D5E630-5835-403C-9B18-2FA343C8730B}"
EndProject
Project("{9A19103F-16F7-4668-BE54-9A1E7A4F7556}") = "EamaBuilder.Extensions.Lock.Redis", "EamaBuilder.Extensions.Lock.Redis\EamaBuilder.Extensions.Lock.Redis.csproj", "{83A7AC4E-14C4-4684-A8AC-02F0064D7474}"
EndProject
Project("{2150E333-8FDC-42A3-9474-1A3956D46DE8}") = "src", "src", "{AEB89075-F937-4271-B95F-B04064FF2861}"
EndProject
Project("{9A19103F-16F7-4668-BE54-9A1E7A4F7556}") = "EamaShop.Infrastructures.All", "src\EamaShop.Infrastructures.All\EamaShop.Infrastructures.All.csproj", "{D045C9BB-5DF3-442C-A8BC-347B4A6238E7}"
EndProject
Project("{9A19103F-16F7-4668-BE54-9A1E7A4F7556}") = "EamaShop.Infrastructures.Enums", "src\EamaShop.Infrastructures.Enums\EamaShop.Infrastructures.Enums.csproj", "{41B1C337-4DF0-4E45-AF55-811DB59C3CF1}"
EndProject
Project("{9A19103F-16F7-4668-BE54-9A1E7A4F7556}") = "EamaShop.Infrastructures.Events", "src\EamaShop.Infrastructures.Event\EamaShop.Infrastructures.Events.csproj", "{7AD59E3A-801C-4E0B-8C80-472B7FE5B009}"
EndProject
Project("{FAE04EC0-301F-11D3-BF4B-00C04F79EFBC}") = "EamaShop.Infrastructures.EventBus", "src\EamaShop.Infrastructures.EventBus\EamaShop.Infrastructures.EventBus.csproj", "{270889CB-6F0B-4C1F-9D42-32D570044364}"
EndProject
Global
	GlobalSection(SolutionConfigurationPlatforms) = preSolution
		Debug|Any CPU = Debug|Any CPU
		Release|Any CPU = Release|Any CPU
	EndGlobalSection
	GlobalSection(ProjectConfigurationPlatforms) = postSolution
		{F60D9BF7-7D34-4852-B28C-DBC42438A4E3}.Debug|Any CPU.ActiveCfg = Debug|Any CPU
		{F60D9BF7-7D34-4852-B28C-DBC42438A4E3}.Debug|Any CPU.Build.0 = Debug|Any CPU
		{F60D9BF7-7D34-4852-B28C-DBC42438A4E3}.Release|Any CPU.ActiveCfg = Release|Any CPU
		{F60D9BF7-7D34-4852-B28C-DBC42438A4E3}.Release|Any CPU.Build.0 = Release|Any CPU
		{46D5E630-5835-403C-9B18-2FA343C8730B}.Debug|Any CPU.ActiveCfg = Debug|Any CPU
		{46D5E630-5835-403C-9B18-2FA343C8730B}.Debug|Any CPU.Build.0 = Debug|Any CPU
		{46D5E630-5835-403C-9B18-2FA343C8730B}.Release|Any CPU.ActiveCfg = Release|Any CPU
		{46D5E630-5835-403C-9B18-2FA343C8730B}.Release|Any CPU.Build.0 = Release|Any CPU
		{83A7AC4E-14C4-4684-A8AC-02F0064D7474}.Debug|Any CPU.ActiveCfg = Debug|Any CPU
		{83A7AC4E-14C4-4684-A8AC-02F0064D7474}.Debug|Any CPU.Build.0 = Debug|Any CPU
		{83A7AC4E-14C4-4684-A8AC-02F0064D7474}.Release|Any CPU.ActiveCfg = Release|Any CPU
		{83A7AC4E-14C4-4684-A8AC-02F0064D7474}.Release|Any CPU.Build.0 = Release|Any CPU
		{D045C9BB-5DF3-442C-A8BC-347B4A6238E7}.Debug|Any CPU.ActiveCfg = Debug|Any CPU
		{D045C9BB-5DF3-442C-A8BC-347B4A6238E7}.Debug|Any CPU.Build.0 = Debug|Any CPU
		{D045C9BB-5DF3-442C-A8BC-347B4A6238E7}.Release|Any CPU.ActiveCfg = Release|Any CPU
		{D045C9BB-5DF3-442C-A8BC-347B4A6238E7}.Release|Any CPU.Build.0 = Release|Any CPU
		{41B1C337-4DF0-4E45-AF55-811DB59C3CF1}.Debug|Any CPU.ActiveCfg = Debug|Any CPU
		{41B1C337-4DF0-4E45-AF55-811DB59C3CF1}.Debug|Any CPU.Build.0 = Debug|Any CPU
		{41B1C337-4DF0-4E45-AF55-811DB59C3CF1}.Release|Any CPU.ActiveCfg = Release|Any CPU
		{41B1C337-4DF0-4E45-AF55-811DB59C3CF1}.Release|Any CPU.Build.0 = Release|Any CPU
		{7AD59E3A-801C-4E0B-8C80-472B7FE5B009}.Debug|Any CPU.ActiveCfg = Debug|Any CPU
		{7AD59E3A-801C-4E0B-8C80-472B7FE5B009}.Debug|Any CPU.Build.0 = Debug|Any CPU
		{7AD59E3A-801C-4E0B-8C80-472B7FE5B009}.Release|Any CPU.ActiveCfg = Release|Any CPU
		{7AD59E3A-801C-4E0B-8C80-472B7FE5B009}.Release|Any CPU.Build.0 = Release|Any CPU
		{270889CB-6F0B-4C1F-9D42-32D570044364}.Debug|Any CPU.ActiveCfg = Debug|Any CPU
		{270889CB-6F0B-4C1F-9D42-32D570044364}.Debug|Any CPU.Build.0 = Debug|Any CPU
		{270889CB-6F0B-4C1F-9D42-32D570044364}.Release|Any CPU.ActiveCfg = Release|Any CPU
		{270889CB-6F0B-4C1F-9D42-32D570044364}.Release|Any CPU.Build.0 = Release|Any CPU
	EndGlobalSection
	GlobalSection(SolutionProperties) = preSolution
		HideSolutionNode = FALSE
	EndGlobalSection
	GlobalSection(NestedProjects) = preSolution
		{D045C9BB-5DF3-442C-A8BC-347B4A6238E7} = {AEB89075-F937-4271-B95F-B04064FF2861}
		{41B1C337-4DF0-4E45-AF55-811DB59C3CF1} = {AEB89075-F937-4271-B95F-B04064FF2861}
		{7AD59E3A-801C-4E0B-8C80-472B7FE5B009} = {AEB89075-F937-4271-B95F-B04064FF2861}
		{270889CB-6F0B-4C1F-9D42-32D570044364} = {AEB89075-F937-4271-B95F-B04064FF2861}
	EndGlobalSection
	GlobalSection(ExtensibilityGlobals) = postSolution
		SolutionGuid = {D2C9F2C3-0657-4302-A92B-6D4111B9F86D}
	EndGlobalSection
EndGlobal
